
Microsoft Visual Studio Solution File, Format Version 12.00
# Visual Studio Version 16
VisualStudioVersion = 16.0.31624.102
MinimumVisualStudioVersion = 10.0.40219.1
Project("{8BC9CEB8-8B4A-11D0-8D11-00A0C91BC942}") = "Project1", "Project1\Project1.vcxproj", "{89198271-EFBA-4A60-846B-50465A075B6C}"
EndProject
Global
	GlobalSection(SolutionConfigurationPlatforms) = preSolution
		Debug|x64 = Debug|x64
		Debug|x86 = Debug|x86
		Release|x64 = Release|x64
		Release|x86 = Release|x86
	EndGlobalSection
	GlobalSection(ProjectConfigurationPlatforms) = postSolution
		{89198271-EFBA-4A60-846B-50465A075B6C}.Debug|x64.ActiveCfg = Debug|x64
		{89198271-EFBA-4A60-846B-50465A075B6C}.Debug|x64.Build.0 = Debug|x64
		{89198271-EFBA-4A60-846B-50465A075B6C}.Debug|x86.ActiveCfg = Debug|Win32
		{89198271-EFBA-4A60-846B-50465A075B6C}.Debug|x86.Build.0 = Debug|Win32
		{89198271-EFBA-4A60-846B-50465A075B6C}.Release|x64.ActiveCfg = Release|x64
		{89198271-EFBA-4A60-846B-50465A075B6C}.Release|x64.Build.0 = Release|x64
		{89198271-EFBA-4A60-846B-50465A075B6C}.Release|x86.ActiveCfg = Release|Win32
		{89198271-EFBA-4A60-846B-50465A075B6C}.Release|x86.Build.0 = Release|Win32
	EndGlobalSection
	GlobalSection(SolutionProperties) = preSolution
		HideSolutionNode = FALSE
	EndGlobalSection
	GlobalSection(ExtensibilityGlobals) = postSolution
		SolutionGuid = {C973A765-BF54-42EA-902A-F1A1AC30E953}
	EndGlobalSection
EndGlobal
